
Microsoft Visual Studio Solution File, Format Version 12.00
# Visual Studio Version 16
VisualStudioVersion = 16.0.30804.86
MinimumVisualStudioVersion = 10.0.40219.1
Project("{FAE04EC0-301F-11D3-BF4B-00C04F79EFBC}") = "MathQuiz", "MathQuiz\MathQuiz.csproj", "{788EC07F-2828-40A1-8349-94EE7584D1DD}"
EndProject
Global
	GlobalSection(SolutionConfigurationPlatforms) = preSolution
		Debug|Any CPU = Debug|Any CPU
		Release|Any CPU = Release|Any CPU
	EndGlobalSection
	GlobalSection(ProjectConfigurationPlatforms) = postSolution
		{788EC07F-2828-40A1-8349-94EE7584D1DD}.Debug|Any CPU.ActiveCfg = Debug|Any CPU
		{788EC07F-2828-40A1-8349-94EE7584D1DD}.Debug|Any CPU.Build.0 = Debug|Any CPU
		{788EC07F-2828-40A1-8349-94EE7584D1DD}.Release|Any CPU.ActiveCfg = Release|Any CPU
		{788EC07F-2828-40A1-8349-94EE7584D1DD}.Release|Any CPU.Build.0 = Release|Any CPU
	EndGlobalSection
	GlobalSection(SolutionProperties) = preSolution
		HideSolutionNode = FALSE
	EndGlobalSection
	GlobalSection(ExtensibilityGlobals) = postSolution
		SolutionGuid = {8614B658-4788-4BBC-94DC-FC2C983F2CE3}
	EndGlobalSection
EndGlobal
